
Microsoft Visual Studio Solution File, Format Version 12.00
# Visual Studio 15
VisualStudioVersion = 15.0.28010.2016
MinimumVisualStudioVersion = 10.0.40219.1
Project("{FAE04EC0-301F-11D3-BF4B-00C04F79EFBC}") = "Orion Collection3", "Orion Collection3\Orion Collection3.csproj", "{D5726B51-B136-4E79-BBE0-E3E5351F4964}"
EndProject
Global
	GlobalSection(SolutionConfigurationPlatforms) = preSolution
		Debug|Any CPU = Debug|Any CPU
		Release|Any CPU = Release|Any CPU
	EndGlobalSection
	GlobalSection(ProjectConfigurationPlatforms) = postSolution
		{D5726B51-B136-4E79-BBE0-E3E5351F4964}.Debug|Any CPU.ActiveCfg = Debug|Any CPU
		{D5726B51-B136-4E79-BBE0-E3E5351F4964}.Debug|Any CPU.Build.0 = Debug|Any CPU
		{D5726B51-B136-4E79-BBE0-E3E5351F4964}.Release|Any CPU.ActiveCfg = Release|Any CPU
		{D5726B51-B136-4E79-BBE0-E3E5351F4964}.Release|Any CPU.Build.0 = Release|Any CPU
	EndGlobalSection
	GlobalSection(SolutionProperties) = preSolution
		HideSolutionNode = FALSE
	EndGlobalSection
	GlobalSection(ExtensibilityGlobals) = postSolution
		SolutionGuid = {64DDA311-F681-4D48-8E8A-EA86B935B250}
	EndGlobalSection
EndGlobal
